
Microsoft Visual Studio Solution File, Format Version 9.00
# Visual Studio 2005
Project("{E24C65DC-7377-472B-9ABA-BC803B73C61A}") = "C:\...\WebServiceAmazon\", "WebServiceAmazon\", "{C40F0D06-B53F-4AA6-8D49-67A36F85F02A}"
	ProjectSection(WebsiteProperties) = preProject
		Debug.AspNetCompiler.VirtualPath = "/WebServiceAmazon"
		Debug.AspNetCompiler.PhysicalPath = "WebServiceAmazon\"
		Debug.AspNetCompiler.TargetPath = "PrecompiledWeb\WebServiceAmazon\"
		Debug.AspNetCompiler.Updateable = "true"
		Debug.AspNetCompiler.ForceOverwrite = "true"
		Debug.AspNetCompiler.FixedNames = "false"
		Debug.AspNetCompiler.Debug = "True"
		Release.AspNetCompiler.VirtualPath = "/WebServiceAmazon"
		Release.AspNetCompiler.PhysicalPath = "WebServiceAmazon\"
		Release.AspNetCompiler.TargetPath = "PrecompiledWeb\WebServiceAmazon\"
		Release.AspNetCompiler.Updateable = "true"
		Release.AspNetCompiler.ForceOverwrite = "true"
		Release.AspNetCompiler.FixedNames = "false"
		Release.AspNetCompiler.Debug = "False"
		VWDPort = "2175"
	EndProjectSection
EndProject
Project("{E24C65DC-7377-472B-9ABA-BC803B73C61A}") = "C:\...\WEBooksNY\", "WEBooksNY\", "{A6ECF133-ACC0-4F4C-BE33-20508B9DABDE}"
	ProjectSection(WebsiteProperties) = preProject
		Debug.AspNetCompiler.VirtualPath = "/WEBooksNY"
		Debug.AspNetCompiler.PhysicalPath = "WEBooksNY\"
		Debug.AspNetCompiler.TargetPath = "PrecompiledWeb\WEBooksNY\"
		Debug.AspNetCompiler.Updateable = "true"
		Debug.AspNetCompiler.ForceOverwrite = "true"
		Debug.AspNetCompiler.FixedNames = "false"
		Debug.AspNetCompiler.Debug = "True"
		Release.AspNetCompiler.VirtualPath = "/WEBooksNY"
		Release.AspNetCompiler.PhysicalPath = "WEBooksNY\"
		Release.AspNetCompiler.TargetPath = "PrecompiledWeb\WEBooksNY\"
		Release.AspNetCompiler.Updateable = "true"
		Release.AspNetCompiler.ForceOverwrite = "true"
		Release.AspNetCompiler.FixedNames = "false"
		Release.AspNetCompiler.Debug = "False"
		VWDPort = "1366"
	EndProjectSection
EndProject
Project("{E24C65DC-7377-472B-9ABA-BC803B73C61A}") = "C:\...\WEBooksBarnesNobleWS\", "WEBooksBarnesNobleWS\", "{C81C2E1D-01DF-4CA7-90B8-600439071441}"
	ProjectSection(WebsiteProperties) = preProject
		Debug.AspNetCompiler.VirtualPath = "/WEBooksBarnesNobleWS"
		Debug.AspNetCompiler.PhysicalPath = "WEBooksBarnesNobleWS\"
		Debug.AspNetCompiler.TargetPath = "PrecompiledWeb\WEBooksBarnesNobleWS\"
		Debug.AspNetCompiler.Updateable = "true"
		Debug.AspNetCompiler.ForceOverwrite = "true"
		Debug.AspNetCompiler.FixedNames = "false"
		Debug.AspNetCompiler.Debug = "True"
		Release.AspNetCompiler.VirtualPath = "/WEBooksBarnesNobleWS"
		Release.AspNetCompiler.PhysicalPath = "WEBooksBarnesNobleWS\"
		Release.AspNetCompiler.TargetPath = "PrecompiledWeb\WEBooksBarnesNobleWS\"
		Release.AspNetCompiler.Updateable = "true"
		Release.AspNetCompiler.ForceOverwrite = "true"
		Release.AspNetCompiler.FixedNames = "false"
		Release.AspNetCompiler.Debug = "False"
		VWDPort = "1961"
	EndProjectSection
EndProject
Project("{E24C65DC-7377-472B-9ABA-BC803B73C61A}") = "C:\...\WEBooksGeoCoder\", "WEBooksGeoCoder\", "{0F38C2A5-E4D0-4F8E-BC66-0EAF0F9BB319}"
	ProjectSection(WebsiteProperties) = preProject
		Debug.AspNetCompiler.VirtualPath = "/WEBooksGeoCoder"
		Debug.AspNetCompiler.PhysicalPath = "WEBooksGeoCoder\"
		Debug.AspNetCompiler.TargetPath = "PrecompiledWeb\WEBooksGeoCoder\"
		Debug.AspNetCompiler.Updateable = "true"
		Debug.AspNetCompiler.ForceOverwrite = "true"
		Debug.AspNetCompiler.FixedNames = "false"
		Debug.AspNetCompiler.Debug = "True"
		Release.AspNetCompiler.VirtualPath = "/WEBooksGeoCoder"
		Release.AspNetCompiler.PhysicalPath = "WEBooksGeoCoder\"
		Release.AspNetCompiler.TargetPath = "PrecompiledWeb\WEBooksGeoCoder\"
		Release.AspNetCompiler.Updateable = "true"
		Release.AspNetCompiler.ForceOverwrite = "true"
		Release.AspNetCompiler.FixedNames = "false"
		Release.AspNetCompiler.Debug = "False"
		VWDPort = "4763"
	EndProjectSection
EndProject
Project("{FAE04EC0-301F-11D3-BF4B-00C04F79EFBC}") = "WEBooksDistribuidorAp", "WEBooksDistribuidorAp\WEBooksDistribuidorAp.csproj", "{5078A760-05FC-4B1E-A0DC-BE1FC8C488EA}"
EndProject
Project("{E24C65DC-7377-472B-9ABA-BC803B73C61A}") = "C:\...\Portal\", "Portal\", "{6F3724E0-0A6D-4507-BF2F-0F4141D18E9E}"
	ProjectSection(WebsiteProperties) = preProject
		Debug.AspNetCompiler.VirtualPath = "/Portal"
		Debug.AspNetCompiler.PhysicalPath = "Portal\"
		Debug.AspNetCompiler.TargetPath = "PrecompiledWeb\Portal\"
		Debug.AspNetCompiler.Updateable = "true"
		Debug.AspNetCompiler.ForceOverwrite = "true"
		Debug.AspNetCompiler.FixedNames = "false"
		Debug.AspNetCompiler.Debug = "True"
		Release.AspNetCompiler.VirtualPath = "/Portal"
		Release.AspNetCompiler.PhysicalPath = "Portal\"
		Release.AspNetCompiler.TargetPath = "PrecompiledWeb\Portal\"
		Release.AspNetCompiler.Updateable = "true"
		Release.AspNetCompiler.ForceOverwrite = "true"
		Release.AspNetCompiler.FixedNames = "false"
		Release.AspNetCompiler.Debug = "False"
		VWDPort = "1350"
	EndProjectSection
EndProject
Project("{E24C65DC-7377-472B-9ABA-BC803B73C61A}") = "C:\...\WEBooksDB\", "WEBooksDB\", "{482061F2-FC6F-43EF-8E9D-704279A39120}"
	ProjectSection(WebsiteProperties) = preProject
		Debug.AspNetCompiler.VirtualPath = "/WEBooksDB"
		Debug.AspNetCompiler.PhysicalPath = "WEBooksDB\"
		Debug.AspNetCompiler.TargetPath = "PrecompiledWeb\WEBooksDB\"
		Debug.AspNetCompiler.Updateable = "true"
		Debug.AspNetCompiler.ForceOverwrite = "true"
		Debug.AspNetCompiler.FixedNames = "false"
		Debug.AspNetCompiler.Debug = "True"
		Release.AspNetCompiler.VirtualPath = "/WEBooksDB"
		Release.AspNetCompiler.PhysicalPath = "WEBooksDB\"
		Release.AspNetCompiler.TargetPath = "PrecompiledWeb\WEBooksDB\"
		Release.AspNetCompiler.Updateable = "true"
		Release.AspNetCompiler.ForceOverwrite = "true"
		Release.AspNetCompiler.FixedNames = "false"
		Release.AspNetCompiler.Debug = "False"
		VWDPort = "1354"
	EndProjectSection
EndProject
Project("{EF7E3281-CD33-11D4-8326-00C04FA0CE8D}") = "WEBooksBiztalk", "WEBooksBiztalk\WEBooksBiztalk.btproj", "{9F225B48-2BE7-46D4-82AC-4DD090B0F9E3}"
EndProject
Global
	GlobalSection(SolutionConfigurationPlatforms) = preSolution
		Debug|.NET = Debug|.NET
		Debug|Any CPU = Debug|Any CPU
		Debug|Mixed Platforms = Debug|Mixed Platforms
		Deployment|.NET = Deployment|.NET
		Deployment|Any CPU = Deployment|Any CPU
		Deployment|Mixed Platforms = Deployment|Mixed Platforms
		Development|.NET = Development|.NET
		Development|Any CPU = Development|Any CPU
		Development|Mixed Platforms = Development|Mixed Platforms
		Release|.NET = Release|.NET
		Release|Any CPU = Release|Any CPU
		Release|Mixed Platforms = Release|Mixed Platforms
	EndGlobalSection
	GlobalSection(ProjectConfigurationPlatforms) = postSolution
		{C40F0D06-B53F-4AA6-8D49-67A36F85F02A}.Debug|.NET.ActiveCfg = Debug|.NET
		{C40F0D06-B53F-4AA6-8D49-67A36F85F02A}.Debug|.NET.Build.0 = Debug|.NET
		{C40F0D06-B53F-4AA6-8D49-67A36F85F02A}.Debug|Any CPU.ActiveCfg = Debug|.NET
		{C40F0D06-B53F-4AA6-8D49-67A36F85F02A}.Debug|Mixed Platforms.ActiveCfg = Debug|.NET
		{C40F0D06-B53F-4AA6-8D49-67A36F85F02A}.Deployment|.NET.ActiveCfg = Debug|.NET
		{C40F0D06-B53F-4AA6-8D49-67A36F85F02A}.Deployment|.NET.Build.0 = Debug|.NET
		{C40F0D06-B53F-4AA6-8D49-67A36F85F02A}.Deployment|Any CPU.ActiveCfg = Debug|.NET
		{C40F0D06-B53F-4AA6-8D49-67A36F85F02A}.Deployment|Mixed Platforms.ActiveCfg = Debug|.NET
		{C40F0D06-B53F-4AA6-8D49-67A36F85F02A}.Development|.NET.ActiveCfg = Debug|.NET
		{C40F0D06-B53F-4AA6-8D49-67A36F85F02A}.Development|.NET.Build.0 = Debug|.NET
		{C40F0D06-B53F-4AA6-8D49-67A36F85F02A}.Development|Any CPU.ActiveCfg = Debug|.NET
		{C40F0D06-B53F-4AA6-8D49-67A36F85F02A}.Development|Mixed Platforms.ActiveCfg = Debug|.NET
		{C40F0D06-B53F-4AA6-8D49-67A36F85F02A}.Development|Mixed Platforms.Build.0 = Debug|.NET
		{C40F0D06-B53F-4AA6-8D49-67A36F85F02A}.Release|.NET.ActiveCfg = Debug|.NET
		{C40F0D06-B53F-4AA6-8D49-67A36F85F02A}.Release|.NET.Build.0 = Debug|.NET
		{C40F0D06-B53F-4AA6-8D49-67A36F85F02A}.Release|Any CPU.ActiveCfg = Debug|.NET
		{C40F0D06-B53F-4AA6-8D49-67A36F85F02A}.Release|Mixed Platforms.ActiveCfg = Debug|.NET
		{C40F0D06-B53F-4AA6-8D49-67A36F85F02A}.Release|Mixed Platforms.Build.0 = Debug|.NET
		{A6ECF133-ACC0-4F4C-BE33-20508B9DABDE}.Debug|.NET.ActiveCfg = Debug|.NET
		{A6ECF133-ACC0-4F4C-BE33-20508B9DABDE}.Debug|.NET.Build.0 = Debug|.NET
		{A6ECF133-ACC0-4F4C-BE33-20508B9DABDE}.Debug|Any CPU.ActiveCfg = Debug|.NET
		{A6ECF133-ACC0-4F4C-BE33-20508B9DABDE}.Debug|Mixed Platforms.ActiveCfg = Debug|.NET
		{A6ECF133-ACC0-4F4C-BE33-20508B9DABDE}.Deployment|.NET.ActiveCfg = Debug|.NET
		{A6ECF133-ACC0-4F4C-BE33-20508B9DABDE}.Deployment|.NET.Build.0 = Debug|.NET
		{A6ECF133-ACC0-4F4C-BE33-20508B9DABDE}.Deployment|Any CPU.ActiveCfg = Debug|.NET
		{A6ECF133-ACC0-4F4C-BE33-20508B9DABDE}.Deployment|Mixed Platforms.ActiveCfg = Debug|.NET
		{A6ECF133-ACC0-4F4C-BE33-20508B9DABDE}.Development|.NET.ActiveCfg = Debug|.NET
		{A6ECF133-ACC0-4F4C-BE33-20508B9DABDE}.Development|.NET.Build.0 = Debug|.NET
		{A6ECF133-ACC0-4F4C-BE33-20508B9DABDE}.Development|Any CPU.ActiveCfg = Debug|.NET
		{A6ECF133-ACC0-4F4C-BE33-20508B9DABDE}.Development|Mixed Platforms.ActiveCfg = Debug|.NET
		{A6ECF133-ACC0-4F4C-BE33-20508B9DABDE}.Development|Mixed Platforms.Build.0 = Debug|.NET
		{A6ECF133-ACC0-4F4C-BE33-20508B9DABDE}.Release|.NET.ActiveCfg = Debug|.NET
		{A6ECF133-ACC0-4F4C-BE33-20508B9DABDE}.Release|.NET.Build.0 = Debug|.NET
		{A6ECF133-ACC0-4F4C-BE33-20508B9DABDE}.Release|Any CPU.ActiveCfg = Debug|.NET
		{A6ECF133-ACC0-4F4C-BE33-20508B9DABDE}.Release|Mixed Platforms.ActiveCfg = Debug|.NET
		{A6ECF133-ACC0-4F4C-BE33-20508B9DABDE}.Release|Mixed Platforms.Build.0 = Debug|.NET
		{C81C2E1D-01DF-4CA7-90B8-600439071441}.Debug|.NET.ActiveCfg = Debug|.NET
		{C81C2E1D-01DF-4CA7-90B8-600439071441}.Debug|.NET.Build.0 = Debug|.NET
		{C81C2E1D-01DF-4CA7-90B8-600439071441}.Debug|Any CPU.ActiveCfg = Debug|.NET
		{C81C2E1D-01DF-4CA7-90B8-600439071441}.Debug|Mixed Platforms.ActiveCfg = Debug|.NET
		{C81C2E1D-01DF-4CA7-90B8-600439071441}.Deployment|.NET.ActiveCfg = Debug|.NET
		{C81C2E1D-01DF-4CA7-90B8-600439071441}.Deployment|.NET.Build.0 = Debug|.NET
		{C81C2E1D-01DF-4CA7-90B8-600439071441}.Deployment|Any CPU.ActiveCfg = Debug|.NET
		{C81C2E1D-01DF-4CA7-90B8-600439071441}.Deployment|Mixed Platforms.ActiveCfg = Debug|.NET
		{C81C2E1D-01DF-4CA7-90B8-600439071441}.Development|.NET.ActiveCfg = Debug|.NET
		{C81C2E1D-01DF-4CA7-90B8-600439071441}.Development|.NET.Build.0 = Debug|.NET
		{C81C2E1D-01DF-4CA7-90B8-600439071441}.Development|Any CPU.ActiveCfg = Debug|.NET
		{C81C2E1D-01DF-4CA7-90B8-600439071441}.Development|Mixed Platforms.ActiveCfg = Debug|.NET
		{C81C2E1D-01DF-4CA7-90B8-600439071441}.Development|Mixed Platforms.Build.0 = Debug|.NET
		{C81C2E1D-01DF-4CA7-90B8-600439071441}.Release|.NET.ActiveCfg = Debug|.NET
		{C81C2E1D-01DF-4CA7-90B8-600439071441}.Release|.NET.Build.0 = Debug|.NET
		{C81C2E1D-01DF-4CA7-90B8-600439071441}.Release|Any CPU.ActiveCfg = Debug|.NET
		{C81C2E1D-01DF-4CA7-90B8-600439071441}.Release|Mixed Platforms.ActiveCfg = Debug|.NET
		{C81C2E1D-01DF-4CA7-90B8-600439071441}.Release|Mixed Platforms.Build.0 = Debug|.NET
		{0F38C2A5-E4D0-4F8E-BC66-0EAF0F9BB319}.Debug|.NET.ActiveCfg = Debug|.NET
		{0F38C2A5-E4D0-4F8E-BC66-0EAF0F9BB319}.Debug|.NET.Build.0 = Debug|.NET
		{0F38C2A5-E4D0-4F8E-BC66-0EAF0F9BB319}.Debug|Any CPU.ActiveCfg = Debug|.NET
		{0F38C2A5-E4D0-4F8E-BC66-0EAF0F9BB319}.Debug|Mixed Platforms.ActiveCfg = Debug|.NET
		{0F38C2A5-E4D0-4F8E-BC66-0EAF0F9BB319}.Deployment|.NET.ActiveCfg = Debug|.NET
		{0F38C2A5-E4D0-4F8E-BC66-0EAF0F9BB319}.Deployment|.NET.Build.0 = Debug|.NET
		{0F38C2A5-E4D0-4F8E-BC66-0EAF0F9BB319}.Deployment|Any CPU.ActiveCfg = Debug|.NET
		{0F38C2A5-E4D0-4F8E-BC66-0EAF0F9BB319}.Deployment|Mixed Platforms.ActiveCfg = Debug|.NET
		{0F38C2A5-E4D0-4F8E-BC66-0EAF0F9BB319}.Development|.NET.ActiveCfg = Debug|.NET
		{0F38C2A5-E4D0-4F8E-BC66-0EAF0F9BB319}.Development|.NET.Build.0 = Debug|.NET
		{0F38C2A5-E4D0-4F8E-BC66-0EAF0F9BB319}.Development|Any CPU.ActiveCfg = Debug|.NET
		{0F38C2A5-E4D0-4F8E-BC66-0EAF0F9BB319}.Development|Mixed Platforms.ActiveCfg = Debug|.NET
		{0F38C2A5-E4D0-4F8E-BC66-0EAF0F9BB319}.Development|Mixed Platforms.Build.0 = Debug|.NET
		{0F38C2A5-E4D0-4F8E-BC66-0EAF0F9BB319}.Release|.NET.ActiveCfg = Debug|.NET
		{0F38C2A5-E4D0-4F8E-BC66-0EAF0F9BB319}.Release|.NET.Build.0 = Debug|.NET
		{0F38C2A5-E4D0-4F8E-BC66-0EAF0F9BB319}.Release|Any CPU.ActiveCfg = Debug|.NET
		{0F38C2A5-E4D0-4F8E-BC66-0EAF0F9BB319}.Release|Mixed Platforms.ActiveCfg = Debug|.NET
		{0F38C2A5-E4D0-4F8E-BC66-0EAF0F9BB319}.Release|Mixed Platforms.Build.0 = Debug|.NET
		{5078A760-05FC-4B1E-A0DC-BE1FC8C488EA}.Debug|.NET.ActiveCfg = Debug|Any CPU
		{5078A760-05FC-4B1E-A0DC-BE1FC8C488EA}.Debug|Any CPU.ActiveCfg = Debug|Any CPU
		{5078A760-05FC-4B1E-A0DC-BE1FC8C488EA}.Debug|Any CPU.Build.0 = Debug|Any CPU
		{5078A760-05FC-4B1E-A0DC-BE1FC8C488EA}.Debug|Mixed Platforms.ActiveCfg = Debug|Any CPU
		{5078A760-05FC-4B1E-A0DC-BE1FC8C488EA}.Debug|Mixed Platforms.Build.0 = Debug|Any CPU
		{5078A760-05FC-4B1E-A0DC-BE1FC8C488EA}.Deployment|.NET.ActiveCfg = Debug|Any CPU
		{5078A760-05FC-4B1E-A0DC-BE1FC8C488EA}.Deployment|Any CPU.ActiveCfg = Debug|Any CPU
		{5078A760-05FC-4B1E-A0DC-BE1FC8C488EA}.Deployment|Any CPU.Build.0 = Debug|Any CPU
		{5078A760-05FC-4B1E-A0DC-BE1FC8C488EA}.Deployment|Mixed Platforms.ActiveCfg = Debug|Any CPU
		{5078A760-05FC-4B1E-A0DC-BE1FC8C488EA}.Deployment|Mixed Platforms.Build.0 = Debug|Any CPU
		{5078A760-05FC-4B1E-A0DC-BE1FC8C488EA}.Development|.NET.ActiveCfg = Debug|Any CPU
		{5078A760-05FC-4B1E-A0DC-BE1FC8C488EA}.Development|Any CPU.ActiveCfg = Debug|Any CPU
		{5078A760-05FC-4B1E-A0DC-BE1FC8C488EA}.Development|Any CPU.Build.0 = Debug|Any CPU
		{5078A760-05FC-4B1E-A0DC-BE1FC8C488EA}.Development|Mixed Platforms.ActiveCfg = Debug|Any CPU
		{5078A760-05FC-4B1E-A0DC-BE1FC8C488EA}.Development|Mixed Platforms.Build.0 = Debug|Any CPU
		{5078A760-05FC-4B1E-A0DC-BE1FC8C488EA}.Release|.NET.ActiveCfg = Release|Any CPU
		{5078A760-05FC-4B1E-A0DC-BE1FC8C488EA}.Release|Any CPU.ActiveCfg = Release|Any CPU
		{5078A760-05FC-4B1E-A0DC-BE1FC8C488EA}.Release|Any CPU.Build.0 = Release|Any CPU
		{5078A760-05FC-4B1E-A0DC-BE1FC8C488EA}.Release|Mixed Platforms.ActiveCfg = Release|Any CPU
		{5078A760-05FC-4B1E-A0DC-BE1FC8C488EA}.Release|Mixed Platforms.Build.0 = Release|Any CPU
		{6F3724E0-0A6D-4507-BF2F-0F4141D18E9E}.Debug|.NET.ActiveCfg = Debug|.NET
		{6F3724E0-0A6D-4507-BF2F-0F4141D18E9E}.Debug|.NET.Build.0 = Debug|.NET
		{6F3724E0-0A6D-4507-BF2F-0F4141D18E9E}.Debug|Any CPU.ActiveCfg = Debug|.NET
		{6F3724E0-0A6D-4507-BF2F-0F4141D18E9E}.Debug|Mixed Platforms.ActiveCfg = Debug|.NET
		{6F3724E0-0A6D-4507-BF2F-0F4141D18E9E}.Debug|Mixed Platforms.Build.0 = Debug|.NET
		{6F3724E0-0A6D-4507-BF2F-0F4141D18E9E}.Deployment|.NET.ActiveCfg = Debug|.NET
		{6F3724E0-0A6D-4507-BF2F-0F4141D18E9E}.Deployment|.NET.Build.0 = Debug|.NET
		{6F3724E0-0A6D-4507-BF2F-0F4141D18E9E}.Deployment|Any CPU.ActiveCfg = Debug|.NET
		{6F3724E0-0A6D-4507-BF2F-0F4141D18E9E}.Deployment|Mixed Platforms.ActiveCfg = Debug|.NET
		{6F3724E0-0A6D-4507-BF2F-0F4141D18E9E}.Deployment|Mixed Platforms.Build.0 = Debug|.NET
		{6F3724E0-0A6D-4507-BF2F-0F4141D18E9E}.Development|.NET.ActiveCfg = Debug|.NET
		{6F3724E0-0A6D-4507-BF2F-0F4141D18E9E}.Development|.NET.Build.0 = Debug|.NET
		{6F3724E0-0A6D-4507-BF2F-0F4141D18E9E}.Development|Any CPU.ActiveCfg = Debug|.NET
		{6F3724E0-0A6D-4507-BF2F-0F4141D18E9E}.Development|Mixed Platforms.ActiveCfg = Debug|.NET
		{6F3724E0-0A6D-4507-BF2F-0F4141D18E9E}.Development|Mixed Platforms.Build.0 = Debug|.NET
		{6F3724E0-0A6D-4507-BF2F-0F4141D18E9E}.Release|.NET.ActiveCfg = Debug|.NET
		{6F3724E0-0A6D-4507-BF2F-0F4141D18E9E}.Release|.NET.Build.0 = Debug|.NET
		{6F3724E0-0A6D-4507-BF2F-0F4141D18E9E}.Release|Any CPU.ActiveCfg = Debug|.NET
		{6F3724E0-0A6D-4507-BF2F-0F4141D18E9E}.Release|Mixed Platforms.ActiveCfg = Debug|.NET
		{6F3724E0-0A6D-4507-BF2F-0F4141D18E9E}.Release|Mixed Platforms.Build.0 = Debug|.NET
		{482061F2-FC6F-43EF-8E9D-704279A39120}.Debug|.NET.ActiveCfg = Debug|.NET
		{482061F2-FC6F-43EF-8E9D-704279A39120}.Debug|.NET.Build.0 = Debug|.NET
		{482061F2-FC6F-43EF-8E9D-704279A39120}.Debug|Any CPU.ActiveCfg = Debug|.NET
		{482061F2-FC6F-43EF-8E9D-704279A39120}.Debug|Mixed Platforms.ActiveCfg = Debug|.NET
		{482061F2-FC6F-43EF-8E9D-704279A39120}.Debug|Mixed Platforms.Build.0 = Debug|.NET
		{482061F2-FC6F-43EF-8E9D-704279A39120}.Deployment|.NET.ActiveCfg = Debug|.NET
		{482061F2-FC6F-43EF-8E9D-704279A39120}.Deployment|.NET.Build.0 = Debug|.NET
		{482061F2-FC6F-43EF-8E9D-704279A39120}.Deployment|Any CPU.ActiveCfg = Debug|.NET
		{482061F2-FC6F-43EF-8E9D-704279A39120}.Deployment|Mixed Platforms.ActiveCfg = Debug|.NET
		{482061F2-FC6F-43EF-8E9D-704279A39120}.Deployment|Mixed Platforms.Build.0 = Debug|.NET
		{482061F2-FC6F-43EF-8E9D-704279A39120}.Development|.NET.ActiveCfg = Debug|.NET
		{482061F2-FC6F-43EF-8E9D-704279A39120}.Development|.NET.Build.0 = Debug|.NET
		{482061F2-FC6F-43EF-8E9D-704279A39120}.Development|Any CPU.ActiveCfg = Debug|.NET
		{482061F2-FC6F-43EF-8E9D-704279A39120}.Development|Mixed Platforms.ActiveCfg = Debug|.NET
		{482061F2-FC6F-43EF-8E9D-704279A39120}.Development|Mixed Platforms.Build.0 = Debug|.NET
		{482061F2-FC6F-43EF-8E9D-704279A39120}.Release|.NET.ActiveCfg = Debug|.NET
		{482061F2-FC6F-43EF-8E9D-704279A39120}.Release|.NET.Build.0 = Debug|.NET
		{482061F2-FC6F-43EF-8E9D-704279A39120}.Release|Any CPU.ActiveCfg = Debug|.NET
		{482061F2-FC6F-43EF-8E9D-704279A39120}.Release|Mixed Platforms.ActiveCfg = Debug|.NET
		{482061F2-FC6F-43EF-8E9D-704279A39120}.Release|Mixed Platforms.Build.0 = Debug|.NET
		{9F225B48-2BE7-46D4-82AC-4DD090B0F9E3}.Debug|.NET.ActiveCfg = Deployment|.NET
		{9F225B48-2BE7-46D4-82AC-4DD090B0F9E3}.Debug|.NET.Build.0 = Deployment|.NET
		{9F225B48-2BE7-46D4-82AC-4DD090B0F9E3}.Debug|.NET.Deploy.0 = Deployment|.NET
		{9F225B48-2BE7-46D4-82AC-4DD090B0F9E3}.Debug|Any CPU.ActiveCfg = Deployment|.NET
		{9F225B48-2BE7-46D4-82AC-4DD090B0F9E3}.Debug|Mixed Platforms.ActiveCfg = Deployment|.NET
		{9F225B48-2BE7-46D4-82AC-4DD090B0F9E3}.Debug|Mixed Platforms.Build.0 = Deployment|.NET
		{9F225B48-2BE7-46D4-82AC-4DD090B0F9E3}.Debug|Mixed Platforms.Deploy.0 = Deployment|.NET
		{9F225B48-2BE7-46D4-82AC-4DD090B0F9E3}.Deployment|.NET.ActiveCfg = Deployment|.NET
		{9F225B48-2BE7-46D4-82AC-4DD090B0F9E3}.Deployment|.NET.Build.0 = Deployment|.NET
		{9F225B48-2BE7-46D4-82AC-4DD090B0F9E3}.Deployment|.NET.Deploy.0 = Deployment|.NET
		{9F225B48-2BE7-46D4-82AC-4DD090B0F9E3}.Deployment|Any CPU.ActiveCfg = Deployment|.NET
		{9F225B48-2BE7-46D4-82AC-4DD090B0F9E3}.Deployment|Mixed Platforms.ActiveCfg = Deployment|.NET
		{9F225B48-2BE7-46D4-82AC-4DD090B0F9E3}.Deployment|Mixed Platforms.Build.0 = Deployment|.NET
		{9F225B48-2BE7-46D4-82AC-4DD090B0F9E3}.Deployment|Mixed Platforms.Deploy.0 = Deployment|.NET
		{9F225B48-2BE7-46D4-82AC-4DD090B0F9E3}.Development|.NET.ActiveCfg = Development|.NET
		{9F225B48-2BE7-46D4-82AC-4DD090B0F9E3}.Development|.NET.Build.0 = Development|.NET
		{9F225B48-2BE7-46D4-82AC-4DD090B0F9E3}.Development|Any CPU.ActiveCfg = Development|.NET
		{9F225B48-2BE7-46D4-82AC-4DD090B0F9E3}.Development|Mixed Platforms.ActiveCfg = Development|.NET
		{9F225B48-2BE7-46D4-82AC-4DD090B0F9E3}.Development|Mixed Platforms.Build.0 = Development|.NET
		{9F225B48-2BE7-46D4-82AC-4DD090B0F9E3}.Development|Mixed Platforms.Deploy.0 = Development|.NET
		{9F225B48-2BE7-46D4-82AC-4DD090B0F9E3}.Release|.NET.ActiveCfg = Deployment|.NET
		{9F225B48-2BE7-46D4-82AC-4DD090B0F9E3}.Release|.NET.Build.0 = Deployment|.NET
		{9F225B48-2BE7-46D4-82AC-4DD090B0F9E3}.Release|.NET.Deploy.0 = Deployment|.NET
		{9F225B48-2BE7-46D4-82AC-4DD090B0F9E3}.Release|Any CPU.ActiveCfg = Deployment|.NET
		{9F225B48-2BE7-46D4-82AC-4DD090B0F9E3}.Release|Mixed Platforms.ActiveCfg = Deployment|.NET
		{9F225B48-2BE7-46D4-82AC-4DD090B0F9E3}.Release|Mixed Platforms.Build.0 = Deployment|.NET
		{9F225B48-2BE7-46D4-82AC-4DD090B0F9E3}.Release|Mixed Platforms.Deploy.0 = Deployment|.NET
	EndGlobalSection
	GlobalSection(SolutionProperties) = preSolution
		HideSolutionNode = FALSE
	EndGlobalSection
EndGlobal
